
Microsoft Visual Studio Solution File, Format Version 12.00
# Visual Studio Version 17
VisualStudioVersion = 17.7.34024.191
MinimumVisualStudioVersion = 10.0.40219.1
Project("{FAE04EC0-301F-11D3-BF4B-00C04F79EFBC}") = "ForLoopTutorial", "ForLoopTutorial\ForLoopTutorial.csproj", "{4F861B5F-023D-4519-B0F9-93AE29F1C54A}"
EndProject
Global
	GlobalSection(SolutionConfigurationPlatforms) = preSolution
		Debug|Any CPU = Debug|Any CPU
		Release|Any CPU = Release|Any CPU
	EndGlobalSection
	GlobalSection(ProjectConfigurationPlatforms) = postSolution
		{4F861B5F-023D-4519-B0F9-93AE29F1C54A}.Debug|Any CPU.ActiveCfg = Debug|Any CPU
		{4F861B5F-023D-4519-B0F9-93AE29F1C54A}.Debug|Any CPU.Build.0 = Debug|Any CPU
		{4F861B5F-023D-4519-B0F9-93AE29F1C54A}.Release|Any CPU.ActiveCfg = Release|Any CPU
		{4F861B5F-023D-4519-B0F9-93AE29F1C54A}.Release|Any CPU.Build.0 = Release|Any CPU
	EndGlobalSection
	GlobalSection(SolutionProperties) = preSolution
		HideSolutionNode = FALSE
	EndGlobalSection
	GlobalSection(ExtensibilityGlobals) = postSolution
		SolutionGuid = {228D9CDD-07CB-47B6-A844-E320C28663EE}
	EndGlobalSection
EndGlobal
