
Microsoft Visual Studio Solution File, Format Version 12.00
# Visual Studio Version 17
VisualStudioVersion = 17.7.34024.191
MinimumVisualStudioVersion = 10.0.40219.1
Project("{FAE04EC0-301F-11D3-BF4B-00C04F79EFBC}") = "VariablesTutorial", "VariablesTutorial\VariablesTutorial.csproj", "{07055E6D-02F0-40E3-8454-CFC638BF02AF}"
EndProject
Global
	GlobalSection(SolutionConfigurationPlatforms) = preSolution
		Debug|Any CPU = Debug|Any CPU
		Release|Any CPU = Release|Any CPU
	EndGlobalSection
	GlobalSection(ProjectConfigurationPlatforms) = postSolution
		{07055E6D-02F0-40E3-8454-CFC638BF02AF}.Debug|Any CPU.ActiveCfg = Debug|Any CPU
		{07055E6D-02F0-40E3-8454-CFC638BF02AF}.Debug|Any CPU.Build.0 = Debug|Any CPU
		{07055E6D-02F0-40E3-8454-CFC638BF02AF}.Release|Any CPU.ActiveCfg = Release|Any CPU
		{07055E6D-02F0-40E3-8454-CFC638BF02AF}.Release|Any CPU.Build.0 = Release|Any CPU
	EndGlobalSection
	GlobalSection(SolutionProperties) = preSolution
		HideSolutionNode = FALSE
	EndGlobalSection
	GlobalSection(ExtensibilityGlobals) = postSolution
		SolutionGuid = {199CC4AC-AF2E-47D7-94AB-7272DF63F67D}
	EndGlobalSection
EndGlobal
